
Microsoft Visual Studio Solution File, Format Version 12.00
# Visual Studio 15
VisualStudioVersion = 15.0.28010.2036
MinimumVisualStudioVersion = 10.0.40219.1
Project("{8BC9CEB8-8B4A-11D0-8D11-00A0C91BC942}") = "Bai229", "Bai229\Bai229.vcxproj", "{6F6AE599-A438-41BA-BA70-B05EAA3E14E3}"
EndProject
Project("{8BC9CEB8-8B4A-11D0-8D11-00A0C91BC942}") = "Bai271", "Bai255\Bai255.vcxproj", "{617E437B-014C-4A1C-8BF2-A77A4AAD29C5}"
EndProject
Project("{8BC9CEB8-8B4A-11D0-8D11-00A0C91BC942}") = "Bai311", "Project1\Project1.vcxproj", "{328144C7-F27C-48F4-846D-0AA237E643D5}"
EndProject
Project("{8BC9CEB8-8B4A-11D0-8D11-00A0C91BC942}") = "Library", "Library\Library.vcxproj", "{CC2FFA39-CD69-47AE-BF35-4F342E83EFF9}"
EndProject
Project("{8BC9CEB8-8B4A-11D0-8D11-00A0C91BC942}") = "Test", "Project2\Project2.vcxproj", "{4235A0F5-0CE1-48B4-ADD6-0A430F977704}"
EndProject
Project("{8BC9CEB8-8B4A-11D0-8D11-00A0C91BC942}") = "Bai392", "Bai392\Bai392.vcxproj", "{7BCE1A67-EBD6-44FB-A593-4D73339C3DF7}"
EndProject
Project("{8BC9CEB8-8B4A-11D0-8D11-00A0C91BC942}") = "Bai429", "Bai429\Bai429.vcxproj", "{64FF5C0E-E426-45BB-84AE-3D179791D2A6}"
EndProject
Project("{8BC9CEB8-8B4A-11D0-8D11-00A0C91BC942}") = "Bai475", "Bai475\Bai475.vcxproj", "{FE71F89D-3EA2-4C4F-903E-FBD1F7D342AC}"
EndProject
Project("{8BC9CEB8-8B4A-11D0-8D11-00A0C91BC942}") = "Bai581", "Bai581\Bai581.vcxproj", "{D8335152-1877-43A7-B7C6-BECE474AEDAD}"
EndProject
Project("{8BC9CEB8-8B4A-11D0-8D11-00A0C91BC942}") = "Bai621", "Bai621\Bai621.vcxproj", "{BEE7997F-F929-4E74-8639-E53DAA0FD23A}"
EndProject
Project("{8BC9CEB8-8B4A-11D0-8D11-00A0C91BC942}") = "Bai702", "Bai702\Bai702.vcxproj", "{880EC397-2D8B-4D9D-8936-409A4581B5D3}"
EndProject
Project("{8BC9CEB8-8B4A-11D0-8D11-00A0C91BC942}") = "CayNhiPhan711", "CayNhiPhan711\CayNhiPhan711.vcxproj", "{3FBCBA83-00CB-4E5A-8852-2679CC9A4FBF}"
EndProject
Global
	GlobalSection(SolutionConfigurationPlatforms) = preSolution
		Debug|x64 = Debug|x64
		Debug|x86 = Debug|x86
		Release|x64 = Release|x64
		Release|x86 = Release|x86
	EndGlobalSection
	GlobalSection(ProjectConfigurationPlatforms) = postSolution
		{6F6AE599-A438-41BA-BA70-B05EAA3E14E3}.Debug|x64.ActiveCfg = Debug|x64
		{6F6AE599-A438-41BA-BA70-B05EAA3E14E3}.Debug|x64.Build.0 = Debug|x64
		{6F6AE599-A438-41BA-BA70-B05EAA3E14E3}.Debug|x86.ActiveCfg = Debug|Win32
		{6F6AE599-A438-41BA-BA70-B05EAA3E14E3}.Debug|x86.Build.0 = Debug|Win32
		{6F6AE599-A438-41BA-BA70-B05EAA3E14E3}.Release|x64.ActiveCfg = Release|x64
		{6F6AE599-A438-41BA-BA70-B05EAA3E14E3}.Release|x64.Build.0 = Release|x64
		{6F6AE599-A438-41BA-BA70-B05EAA3E14E3}.Release|x86.ActiveCfg = Release|Win32
		{6F6AE599-A438-41BA-BA70-B05EAA3E14E3}.Release|x86.Build.0 = Release|Win32
		{617E437B-014C-4A1C-8BF2-A77A4AAD29C5}.Debug|x64.ActiveCfg = Debug|x64
		{617E437B-014C-4A1C-8BF2-A77A4AAD29C5}.Debug|x64.Build.0 = Debug|x64
		{617E437B-014C-4A1C-8BF2-A77A4AAD29C5}.Debug|x86.ActiveCfg = Debug|Win32
		{617E437B-014C-4A1C-8BF2-A77A4AAD29C5}.Debug|x86.Build.0 = Debug|Win32
		{617E437B-014C-4A1C-8BF2-A77A4AAD29C5}.Release|x64.ActiveCfg = Release|x64
		{617E437B-014C-4A1C-8BF2-A77A4AAD29C5}.Release|x64.Build.0 = Release|x64
		{617E437B-014C-4A1C-8BF2-A77A4AAD29C5}.Release|x86.ActiveCfg = Release|Win32
		{617E437B-014C-4A1C-8BF2-A77A4AAD29C5}.Release|x86.Build.0 = Release|Win32
		{328144C7-F27C-48F4-846D-0AA237E643D5}.Debug|x64.ActiveCfg = Debug|x64
		{328144C7-F27C-48F4-846D-0AA237E643D5}.Debug|x64.Build.0 = Debug|x64
		{328144C7-F27C-48F4-846D-0AA237E643D5}.Debug|x86.ActiveCfg = Debug|Win32
		{328144C7-F27C-48F4-846D-0AA237E643D5}.Debug|x86.Build.0 = Debug|Win32
		{328144C7-F27C-48F4-846D-0AA237E643D5}.Release|x64.ActiveCfg = Release|x64
		{328144C7-F27C-48F4-846D-0AA237E643D5}.Release|x64.Build.0 = Release|x64
		{328144C7-F27C-48F4-846D-0AA237E643D5}.Release|x86.ActiveCfg = Release|Win32
		{328144C7-F27C-48F4-846D-0AA237E643D5}.Release|x86.Build.0 = Release|Win32
		{CC2FFA39-CD69-47AE-BF35-4F342E83EFF9}.Debug|x64.ActiveCfg = Debug|x64
		{CC2FFA39-CD69-47AE-BF35-4F342E83EFF9}.Debug|x64.Build.0 = Debug|x64
		{CC2FFA39-CD69-47AE-BF35-4F342E83EFF9}.Debug|x86.ActiveCfg = Debug|Win32
		{CC2FFA39-CD69-47AE-BF35-4F342E83EFF9}.Debug|x86.Build.0 = Debug|Win32
		{CC2FFA39-CD69-47AE-BF35-4F342E83EFF9}.Release|x64.ActiveCfg = Release|x64
		{CC2FFA39-CD69-47AE-BF35-4F342E83EFF9}.Release|x64.Build.0 = Release|x64
		{CC2FFA39-CD69-47AE-BF35-4F342E83EFF9}.Release|x86.ActiveCfg = Release|Win32
		{CC2FFA39-CD69-47AE-BF35-4F342E83EFF9}.Release|x86.Build.0 = Release|Win32
		{4235A0F5-0CE1-48B4-ADD6-0A430F977704}.Debug|x64.ActiveCfg = Debug|x64
		{4235A0F5-0CE1-48B4-ADD6-0A430F977704}.Debug|x64.Build.0 = Debug|x64
		{4235A0F5-0CE1-48B4-ADD6-0A430F977704}.Debug|x86.ActiveCfg = Debug|Win32
		{4235A0F5-0CE1-48B4-ADD6-0A430F977704}.Debug|x86.Build.0 = Debug|Win32
		{4235A0F5-0CE1-48B4-ADD6-0A430F977704}.Release|x64.ActiveCfg = Release|x64
		{4235A0F5-0CE1-48B4-ADD6-0A430F977704}.Release|x64.Build.0 = Release|x64
		{4235A0F5-0CE1-48B4-ADD6-0A430F977704}.Release|x86.ActiveCfg = Release|Win32
		{4235A0F5-0CE1-48B4-ADD6-0A430F977704}.Release|x86.Build.0 = Release|Win32
		{7BCE1A67-EBD6-44FB-A593-4D73339C3DF7}.Debug|x64.ActiveCfg = Debug|x64
		{7BCE1A67-EBD6-44FB-A593-4D73339C3DF7}.Debug|x64.Build.0 = Debug|x64
		{7BCE1A67-EBD6-44FB-A593-4D73339C3DF7}.Debug|x86.ActiveCfg = Debug|Win32
		{7BCE1A67-EBD6-44FB-A593-4D73339C3DF7}.Debug|x86.Build.0 = Debug|Win32
		{7BCE1A67-EBD6-44FB-A593-4D73339C3DF7}.Release|x64.ActiveCfg = Release|x64
		{7BCE1A67-EBD6-44FB-A593-4D73339C3DF7}.Release|x64.Build.0 = Release|x64
		{7BCE1A67-EBD6-44FB-A593-4D73339C3DF7}.Release|x86.ActiveCfg = Release|Win32
		{7BCE1A67-EBD6-44FB-A593-4D73339C3DF7}.Release|x86.Build.0 = Release|Win32
		{64FF5C0E-E426-45BB-84AE-3D179791D2A6}.Debug|x64.ActiveCfg = Debug|x64
		{64FF5C0E-E426-45BB-84AE-3D179791D2A6}.Debug|x64.Build.0 = Debug|x64
		{64FF5C0E-E426-45BB-84AE-3D179791D2A6}.Debug|x86.ActiveCfg = Debug|Win32
		{64FF5C0E-E426-45BB-84AE-3D179791D2A6}.Debug|x86.Build.0 = Debug|Win32
		{64FF5C0E-E426-45BB-84AE-3D179791D2A6}.Release|x64.ActiveCfg = Release|x64
		{64FF5C0E-E426-45BB-84AE-3D179791D2A6}.Release|x64.Build.0 = Release|x64
		{64FF5C0E-E426-45BB-84AE-3D179791D2A6}.Release|x86.ActiveCfg = Release|Win32
		{64FF5C0E-E426-45BB-84AE-3D179791D2A6}.Release|x86.Build.0 = Release|Win32
		{FE71F89D-3EA2-4C4F-903E-FBD1F7D342AC}.Debug|x64.ActiveCfg = Debug|x64
		{FE71F89D-3EA2-4C4F-903E-FBD1F7D342AC}.Debug|x64.Build.0 = Debug|x64
		{FE71F89D-3EA2-4C4F-903E-FBD1F7D342AC}.Debug|x86.ActiveCfg = Debug|Win32
		{FE71F89D-3EA2-4C4F-903E-FBD1F7D342AC}.Debug|x86.Build.0 = Debug|Win32
		{FE71F89D-3EA2-4C4F-903E-FBD1F7D342AC}.Release|x64.ActiveCfg = Release|x64
		{FE71F89D-3EA2-4C4F-903E-FBD1F7D342AC}.Release|x64.Build.0 = Release|x64
		{FE71F89D-3EA2-4C4F-903E-FBD1F7D342AC}.Release|x86.ActiveCfg = Release|Win32
		{FE71F89D-3EA2-4C4F-903E-FBD1F7D342AC}.Release|x86.Build.0 = Release|Win32
		{D8335152-1877-43A7-B7C6-BECE474AEDAD}.Debug|x64.ActiveCfg = Debug|x64
		{D8335152-1877-43A7-B7C6-BECE474AEDAD}.Debug|x64.Build.0 = Debug|x64
		{D8335152-1877-43A7-B7C6-BECE474AEDAD}.Debug|x86.ActiveCfg = Debug|Win32
		{D8335152-1877-43A7-B7C6-BECE474AEDAD}.Debug|x86.Build.0 = Debug|Win32
		{D8335152-1877-43A7-B7C6-BECE474AEDAD}.Release|x64.ActiveCfg = Release|x64
		{D8335152-1877-43A7-B7C6-BECE474AEDAD}.Release|x64.Build.0 = Release|x64
		{D8335152-1877-43A7-B7C6-BECE474AEDAD}.Release|x86.ActiveCfg = Release|Win32
		{D8335152-1877-43A7-B7C6-BECE474AEDAD}.Release|x86.Build.0 = Release|Win32
		{BEE7997F-F929-4E74-8639-E53DAA0FD23A}.Debug|x64.ActiveCfg = Debug|x64
		{BEE7997F-F929-4E74-8639-E53DAA0FD23A}.Debug|x64.Build.0 = Debug|x64
		{BEE7997F-F929-4E74-8639-E53DAA0FD23A}.Debug|x86.ActiveCfg = Debug|Win32
		{BEE7997F-F929-4E74-8639-E53DAA0FD23A}.Debug|x86.Build.0 = Debug|Win32
		{BEE7997F-F929-4E74-8639-E53DAA0FD23A}.Release|x64.ActiveCfg = Release|x64
		{BEE7997F-F929-4E74-8639-E53DAA0FD23A}.Release|x64.Build.0 = Release|x64
		{BEE7997F-F929-4E74-8639-E53DAA0FD23A}.Release|x86.ActiveCfg = Release|Win32
		{BEE7997F-F929-4E74-8639-E53DAA0FD23A}.Release|x86.Build.0 = Release|Win32
		{880EC397-2D8B-4D9D-8936-409A4581B5D3}.Debug|x64.ActiveCfg = Debug|x64
		{880EC397-2D8B-4D9D-8936-409A4581B5D3}.Debug|x64.Build.0 = Debug|x64
		{880EC397-2D8B-4D9D-8936-409A4581B5D3}.Debug|x86.ActiveCfg = Debug|Win32
		{880EC397-2D8B-4D9D-8936-409A4581B5D3}.Debug|x86.Build.0 = Debug|Win32
		{880EC397-2D8B-4D9D-8936-409A4581B5D3}.Release|x64.ActiveCfg = Release|x64
		{880EC397-2D8B-4D9D-8936-409A4581B5D3}.Release|x64.Build.0 = Release|x64
		{880EC397-2D8B-4D9D-8936-409A4581B5D3}.Release|x86.ActiveCfg = Release|Win32
		{880EC397-2D8B-4D9D-8936-409A4581B5D3}.Release|x86.Build.0 = Release|Win32
		{3FBCBA83-00CB-4E5A-8852-2679CC9A4FBF}.Debug|x64.ActiveCfg = Debug|x64
		{3FBCBA83-00CB-4E5A-8852-2679CC9A4FBF}.Debug|x64.Build.0 = Debug|x64
		{3FBCBA83-00CB-4E5A-8852-2679CC9A4FBF}.Debug|x86.ActiveCfg = Debug|Win32
		{3FBCBA83-00CB-4E5A-8852-2679CC9A4FBF}.Debug|x86.Build.0 = Debug|Win32
		{3FBCBA83-00CB-4E5A-8852-2679CC9A4FBF}.Release|x64.ActiveCfg = Release|x64
		{3FBCBA83-00CB-4E5A-8852-2679CC9A4FBF}.Release|x64.Build.0 = Release|x64
		{3FBCBA83-00CB-4E5A-8852-2679CC9A4FBF}.Release|x86.ActiveCfg = Release|Win32
		{3FBCBA83-00CB-4E5A-8852-2679CC9A4FBF}.Release|x86.Build.0 = Release|Win32
	EndGlobalSection
	GlobalSection(SolutionProperties) = preSolution
		HideSolutionNode = FALSE
	EndGlobalSection
	GlobalSection(ExtensibilityGlobals) = postSolution
		SolutionGuid = {F8DD23BC-EEFD-4172-9AA0-E26925A22D98}
	EndGlobalSection
EndGlobal
